
Microsoft Visual Studio Solution File, Format Version 12.00
# Visual Studio Version 16
VisualStudioVersion = 16.0.31321.278
MinimumVisualStudioVersion = 10.0.40219.1
Project("{FAE04EC0-301F-11D3-BF4B-00C04F79EFBC}") = "NumberToWords", "NumberToWords\NumberToWords.csproj", "{CEBBA081-4D85-4AF4-9095-F6E8FDAB7AAA}"
EndProject
Project("{FAE04EC0-301F-11D3-BF4B-00C04F79EFBC}") = "NumberToWords.Tests", "..\..\tests\NumberToWords.Tests\NumberToWords.Tests.csproj", "{ECE0BC7F-2DF7-4016-A5E6-884C02C834E6}"
EndProject
Global
	GlobalSection(SolutionConfigurationPlatforms) = preSolution
		Debug|Any CPU = Debug|Any CPU
		Release|Any CPU = Release|Any CPU
	EndGlobalSection
	GlobalSection(ProjectConfigurationPlatforms) = postSolution
		{CEBBA081-4D85-4AF4-9095-F6E8FDAB7AAA}.Debug|Any CPU.ActiveCfg = Debug|Any CPU
		{CEBBA081-4D85-4AF4-9095-F6E8FDAB7AAA}.Debug|Any CPU.Build.0 = Debug|Any CPU
		{CEBBA081-4D85-4AF4-9095-F6E8FDAB7AAA}.Release|Any CPU.ActiveCfg = Release|Any CPU
		{CEBBA081-4D85-4AF4-9095-F6E8FDAB7AAA}.Release|Any CPU.Build.0 = Release|Any CPU
		{ECE0BC7F-2DF7-4016-A5E6-884C02C834E6}.Debug|Any CPU.ActiveCfg = Debug|Any CPU
		{ECE0BC7F-2DF7-4016-A5E6-884C02C834E6}.Debug|Any CPU.Build.0 = Debug|Any CPU
		{ECE0BC7F-2DF7-4016-A5E6-884C02C834E6}.Release|Any CPU.ActiveCfg = Release|Any CPU
		{ECE0BC7F-2DF7-4016-A5E6-884C02C834E6}.Release|Any CPU.Build.0 = Release|Any CPU
	EndGlobalSection
	GlobalSection(SolutionProperties) = preSolution
		HideSolutionNode = FALSE
	EndGlobalSection
	GlobalSection(ExtensibilityGlobals) = postSolution
		SolutionGuid = {5EA98D16-FEC2-4624-9F26-9D119EB701B3}
	EndGlobalSection
EndGlobal
